
Microsoft Visual Studio Solution File, Format Version 12.00
Project("{FAE04EC0-301F-11D3-BF4B-00C04F79EFBC}") = "PipolAPI", "PipolAPI.csproj", "{896F41A0-CC7C-46D0-8CB5-AEFA23B88CF0}"
EndProject
Global
	GlobalSection(SolutionConfigurationPlatforms) = preSolution
		Debug|Any CPU = Debug|Any CPU
		Release|Any CPU = Release|Any CPU
	EndGlobalSection
	GlobalSection(ProjectConfigurationPlatforms) = postSolution
		{896F41A0-CC7C-46D0-8CB5-AEFA23B88CF0}.Debug|Any CPU.ActiveCfg = Debug|Any CPU
		{896F41A0-CC7C-46D0-8CB5-AEFA23B88CF0}.Debug|Any CPU.Build.0 = Debug|Any CPU
		{896F41A0-CC7C-46D0-8CB5-AEFA23B88CF0}.Release|Any CPU.ActiveCfg = Release|Any CPU
		{896F41A0-CC7C-46D0-8CB5-AEFA23B88CF0}.Release|Any CPU.Build.0 = Release|Any CPU
	EndGlobalSection
EndGlobal
